{
    "version": 3,
    "terraform_version": "0.7.13",
    "serial": 7,
    "lineage": "4c75e521-3d73-4328-ba2d-7968cc404dba",
    "modules": [
        {
            "path": [
                "root"
            ],
            "outputs": {
                "password": {
                    "sensitive": false,
                    "type": "string",
                    "value": "wcBMA7OyXpeN+McwAQgAkSBpz7ee6EQTABy622ihHdwmgED7ksW7datVY9QaR38l8fbOiaLFKhJiCwgkTNkkffps0FwblrTa0NHcfzIDCR2XDeXL/C9BfVFEC757gWLgOqurcVyFKrgQ9oP9Duwz06tJHmANOXvCa68P7GA6DL2oPJxDosWSbWSrdkdnRL8qRrfcorC7k1eFr0HvR6hc2fGk3qcVnlwAm1k3fU00JWQ7Jr8tkjnMtR3486LkZ3AJiZJkiZDAjdxfxEX2Z2m+S1hQaCu5T1qHRutm/UNY/Y2md1SLaS4XBjTbHGKBumP+qz0WtAz99XwE01hNUE731yXV6grn4xn3bJ5IVyvN5dLgAeQNy1JR45BtwJqURc5NaHsi4RXe4F/gLuEnHuAo4qsRVQ7glORV/Kj8rRaNei0XlLQkYZyo4K7iOL7WBeAL5PokwA/Laj/O/fSRECZ9BuLivHv9xuHkSgA="
                }
            },
            "resources": {
                "aws_iam_group.admin": {
                    "type": "aws_iam_group",
                    "depends_on": [],
                    "primary": {
                        "id": "admin",
                        "attributes": {
                            "arn": "arn:aws:iam::805396039524:group/admin",
                            "id": "admin",
                            "name": "admin",
                            "path": "/",
                            "unique_id": "AGPAIT744LW7VCEFXA53Q"
                        },
                        "meta": {},
                        "tainted": false
                    },
                    "deposed": [],
                    "provider": ""
                },
                "aws_iam_group_membership.admin_team": {
                    "type": "aws_iam_group_membership",
                    "depends_on": [
                        "aws_iam_group.admin",
                        "aws_iam_user.admin_user"
                    ],
                    "primary": {
                        "id": "admin_team",
                        "attributes": {
                            "group": "admin",
                            "id": "admin_team",
                            "name": "admin_team",
                            "users.#": "1",
                            "users.957039575": "banjocat"
                        },
                        "meta": {},
                        "tainted": false
                    },
                    "deposed": [],
                    "provider": ""
                },
                "aws_iam_group_policy.admin_policy": {
                    "type": "aws_iam_group_policy",
                    "depends_on": [
                        "aws_iam_group.admin"
                    ],
                    "primary": {
                        "id": "admin:admin_policy",
                        "attributes": {
                            "group": "admin",
                            "id": "admin:admin_policy",
                            "name": "admin_policy",
                            "policy": "{\n    \"Version\": \"2012-10-17\",\n    \"Statement\": [\n        {\n            \"Effect\": \"Allow\",\n            \"Action\": \"*\",\n            \"Resource\": \"*\"\n        }\n    ]\n}\n"
                        },
                        "meta": {},
                        "tainted": false
                    },
                    "deposed": [],
                    "provider": ""
                },
                "aws_iam_user.admin_user": {
                    "type": "aws_iam_user",
                    "depends_on": [],
                    "primary": {
                        "id": "banjocat",
                        "attributes": {
                            "arn": "arn:aws:iam::805396039524:user/banjocat",
                            "force_destroy": "false",
                            "id": "banjocat",
                            "name": "banjocat",
                            "path": "/",
                            "unique_id": "AIDAIJQKJTKD3WI6TYLUM"
                        },
                        "meta": {},
                        "tainted": false
                    },
                    "deposed": [],
                    "provider": ""
                },
                "aws_iam_user_login_profile.admin_login_profile": {
                    "type": "aws_iam_user_login_profile",
                    "depends_on": [
                        "aws_iam_user.admin_user"
                    ],
                    "primary": {
                        "id": "banjocat",
                        "attributes": {
                            "encrypted_password": "wcBMA7OyXpeN+McwAQgAkSBpz7ee6EQTABy622ihHdwmgED7ksW7datVY9QaR38l8fbOiaLFKhJiCwgkTNkkffps0FwblrTa0NHcfzIDCR2XDeXL/C9BfVFEC757gWLgOqurcVyFKrgQ9oP9Duwz06tJHmANOXvCa68P7GA6DL2oPJxDosWSbWSrdkdnRL8qRrfcorC7k1eFr0HvR6hc2fGk3qcVnlwAm1k3fU00JWQ7Jr8tkjnMtR3486LkZ3AJiZJkiZDAjdxfxEX2Z2m+S1hQaCu5T1qHRutm/UNY/Y2md1SLaS4XBjTbHGKBumP+qz0WtAz99XwE01hNUE731yXV6grn4xn3bJ5IVyvN5dLgAeQNy1JR45BtwJqURc5NaHsi4RXe4F/gLuEnHuAo4qsRVQ7glORV/Kj8rRaNei0XlLQkYZyo4K7iOL7WBeAL5PokwA/Laj/O/fSRECZ9BuLivHv9xuHkSgA=",
                            "id": "banjocat",
                            "key_fingerprint": "95072ae875a45d3e596464a3eb7b9a81ce506eec",
                            "password_length": "20",
                            "password_reset_required": "true",
                            "pgp_key": "keybase:banjocat",
                            "user": "banjocat"
                        },
                        "meta": {},
                        "tainted": false
                    },
                    "deposed": [],
                    "provider": ""
                }
            },
            "depends_on": []
        }
    ]
}
